// !$*UTF8*$!
{
	archiveVersion = 1;
	classes = {
	};
	objectVersion = 46;
	objects = {

/* Begin PBXBuildFile section */
		6D1D356B16A7F804008EFFAB /* IISideController.m in Sources */ = {isa = PBXBuildFile; fileRef = 6D1D356616A7F804008EFFAB /* IISideController.m */; };
		6D1D356C16A7F804008EFFAB /* IIViewDeckController.m in Sources */ = {isa = PBXBuildFile; fileRef = 6D1D356816A7F804008EFFAB /* IIViewDeckController.m */; };
		6D1D356D16A7F804008EFFAB /* IIWrapController.m in Sources */ = {isa = PBXBuildFile; fileRef = 6D1D356A16A7F804008EFFAB /* IIWrapController.m */; };
		6D1D357816A7F825008EFFAB /* AboutViewController.m in Sources */ = {isa = PBXBuildFile; fileRef = 6D1D356F16A7F825008EFFAB /* AboutViewController.m */; };
		6D1D357916A7F825008EFFAB /* DetailViewController.m in Sources */ = {isa = PBXBuildFile; fileRef = 6D1D357116A7F825008EFFAB /* DetailViewController.m */; };
		6D1D357A16A7F825008EFFAB /* LeftViewController.m in Sources */ = {isa = PBXBuildFile; fileRef = 6D1D357316A7F825008EFFAB /* LeftViewController.m */; };
		6D1D357B16A7F825008EFFAB /* MyMapViewController.m in Sources */ = {isa = PBXBuildFile; fileRef = 6D1D357516A7F825008EFFAB /* MyMapViewController.m */; };
		6D1D357C16A7F825008EFFAB /* SoundsListViewController.m in Sources */ = {isa = PBXBuildFile; fileRef = 6D1D357716A7F825008EFFAB /* SoundsListViewController.m */; };
		6D1D357F16A7F83E008EFFAB /* AddressAnnotation.m in Sources */ = {isa = PBXBuildFile; fileRef = 6D1D357E16A7F83E008EFFAB /* AddressAnnotation.m */; };
		6D1D358216A7F853008EFFAB /* 01 Heart Attack.mp3 in Resources */ = {isa = PBXBuildFile; fileRef = 6D1D358016A7F853008EFFAB /* 01 Heart Attack.mp3 */; };
		6D1D358316A7F853008EFFAB /* 02 California Girls.mp3 in Resources */ = {isa = PBXBuildFile; fileRef = 6D1D358116A7F853008EFFAB /* 02 California Girls.mp3 */; };
		6D1D358B16A7F8A6008EFFAB /* Default.png in Resources */ = {isa = PBXBuildFile; fileRef = 6D1D358A16A7F8A6008EFFAB /* Default.png */; };
		6D1D358D16A7F8AF008EFFAB /* Default@2x.png in Resources */ = {isa = PBXBuildFile; fileRef = 6D1D358C16A7F8AF008EFFAB /* Default@2x.png */; };
		6D1D358F16A7F8B3008EFFAB /* Default-568h@2x.png in Resources */ = {isa = PBXBuildFile; fileRef = 6D1D358E16A7F8B3008EFFAB /* Default-568h@2x.png */; };
		6D1D359B16A80D48008EFFAB /* MapBox.framework in Frameworks */ = {isa = PBXBuildFile; fileRef = 6D1D359A16A80D48008EFFAB /* MapBox.framework */; };
		6D1D359D16A80F4C008EFFAB /* libsqlite3.dylib in Frameworks */ = {isa = PBXBuildFile; fileRef = 6D1D359C16A80F4C008EFFAB /* libsqlite3.dylib */; };
		6D1D359F16A80F57008EFFAB /* libz.dylib in Frameworks */ = {isa = PBXBuildFile; fileRef = 6D1D359E16A80F57008EFFAB /* libz.dylib */; };
		6D57EF9C16B0617C00B1067F /* map-pin.png in Resources */ = {isa = PBXBuildFile; fileRef = 6D57EF9A16B0617C00B1067F /* map-pin.png */; };
		6D57EF9D16B0617C00B1067F /* user-location-pin.png in Resources */ = {isa = PBXBuildFile; fileRef = 6D57EF9B16B0617C00B1067F /* user-location-pin.png */; };
		6D831F9D1688881200BF234F /* UIKit.framework in Frameworks */ = {isa = PBXBuildFile; fileRef = 6D831F9C1688881200BF234F /* UIKit.framework */; };
		6D831F9F1688881200BF234F /* Foundation.framework in Frameworks */ = {isa = PBXBuildFile; fileRef = 6D831F9E1688881200BF234F /* Foundation.framework */; };
		6D831FA11688881200BF234F /* CoreGraphics.framework in Frameworks */ = {isa = PBXBuildFile; fileRef = 6D831FA01688881200BF234F /* CoreGraphics.framework */; };
		6D831FA71688881200BF234F /* InfoPlist.strings in Resources */ = {isa = PBXBuildFile; fileRef = 6D831FA51688881200BF234F /* InfoPlist.strings */; };
		6D831FA91688881200BF234F /* main.m in Sources */ = {isa = PBXBuildFile; fileRef = 6D831FA81688881200BF234F /* main.m */; };
		6D831FAD1688881200BF234F /* AppDelegate.m in Sources */ = {isa = PBXBuildFile; fileRef = 6D831FAC1688881200BF234F /* AppDelegate.m */; };
		6D831FC216889AC600BF234F /* AVFoundation.framework in Frameworks */ = {isa = PBXBuildFile; fileRef = 6D831FC116889AC600BF234F /* AVFoundation.framework */; };
		6DAB00EF16A8370400235CC3 /* Pause.png in Resources */ = {isa = PBXBuildFile; fileRef = 6DAB00ED16A8370400235CC3 /* Pause.png */; };
		6DAB00F016A8370400235CC3 /* Play.png in Resources */ = {isa = PBXBuildFile; fileRef = 6DAB00EE16A8370400235CC3 /* Play.png */; };
		6DAB00FD16A9CBDB00235CC3 /* UIColor+MBWPExtensions.m in Sources */ = {isa = PBXBuildFile; fileRef = 6DAB00FC16A9CBDB00235CC3 /* UIColor+MBWPExtensions.m */; };
		6DC0184616A6AF2D00C282B0 /* QuartzCore.framework in Frameworks */ = {isa = PBXBuildFile; fileRef = 6DC0184516A6AF2D00C282B0 /* QuartzCore.framework */; };
		6DD781321688D6F90090F462 /* logo-tests.png in Resources */ = {isa = PBXBuildFile; fileRef = 6DD781311688D6F90090F462 /* logo-tests.png */; };
		6DFE4A5C168F10F600B39013 /* Sounds-List.plist in Resources */ = {isa = PBXBuildFile; fileRef = 6DFE4A5B168F10F600B39013 /* Sounds-List.plist */; };
		6DFE4A73168F37C500B39013 /* CoreLocation.framework in Frameworks */ = {isa = PBXBuildFile; fileRef = 6DFE4A72168F37C500B39013 /* CoreLocation.framework */; };
/* End PBXBuildFile section */

/* Begin PBXFileReference section */
		6D1D356516A7F804008EFFAB /* IISideController.h */ = {isa = PBXFileReference; fileEncoding = 4; lastKnownFileType = sourcecode.c.h; name = IISideController.h; path = vendor/ViewDeck/IISideController.h; sourceTree = "<group>"; };
		6D1D356616A7F804008EFFAB /* IISideController.m */ = {isa = PBXFileReference; fileEncoding = 4; lastKnownFileType = sourcecode.c.objc; name = IISideController.m; path = vendor/ViewDeck/IISideController.m; sourceTree = "<group>"; };
		6D1D356716A7F804008EFFAB /* IIViewDeckController.h */ = {isa = PBXFileReference; fileEncoding = 4; lastKnownFileType = sourcecode.c.h; name = IIViewDeckController.h; path = vendor/ViewDeck/IIViewDeckController.h; sourceTree = "<group>"; };
		6D1D356816A7F804008EFFAB /* IIViewDeckController.m */ = {isa = PBXFileReference; fileEncoding = 4; lastKnownFileType = sourcecode.c.objc; name = IIViewDeckController.m; path = vendor/ViewDeck/IIViewDeckController.m; sourceTree = "<group>"; };
		6D1D356916A7F804008EFFAB /* IIWrapController.h */ = {isa = PBXFileReference; fileEncoding = 4; lastKnownFileType = sourcecode.c.h; name = IIWrapController.h; path = vendor/ViewDeck/IIWrapController.h; sourceTree = "<group>"; };
		6D1D356A16A7F804008EFFAB /* IIWrapController.m */ = {isa = PBXFileReference; fileEncoding = 4; lastKnownFileType = sourcecode.c.objc; name = IIWrapController.m; path = vendor/ViewDeck/IIWrapController.m; sourceTree = "<group>"; };
		6D1D356E16A7F825008EFFAB /* AboutViewController.h */ = {isa = PBXFileReference; fileEncoding = 4; lastKnownFileType = sourcecode.c.h; name = AboutViewController.h; path = controllers/AboutViewController.h; sourceTree = "<group>"; };
		6D1D356F16A7F825008EFFAB /* AboutViewController.m */ = {isa = PBXFileReference; fileEncoding = 4; lastKnownFileType = sourcecode.c.objc; name = AboutViewController.m; path = controllers/AboutViewController.m; sourceTree = "<group>"; };
		6D1D357016A7F825008EFFAB /* DetailViewController.h */ = {isa = PBXFileReference; fileEncoding = 4; lastKnownFileType = sourcecode.c.h; name = DetailViewController.h; path = controllers/DetailViewController.h; sourceTree = "<group>"; };
		6D1D357116A7F825008EFFAB /* DetailViewController.m */ = {isa = PBXFileReference; fileEncoding = 4; lastKnownFileType = sourcecode.c.objc; name = DetailViewController.m; path = controllers/DetailViewController.m; sourceTree = "<group>"; };
		6D1D357216A7F825008EFFAB /* LeftViewController.h */ = {isa = PBXFileReference; fileEncoding = 4; lastKnownFileType = sourcecode.c.h; name = LeftViewController.h; path = controllers/LeftViewController.h; sourceTree = "<group>"; };
		6D1D357316A7F825008EFFAB /* LeftViewController.m */ = {isa = PBXFileReference; fileEncoding = 4; lastKnownFileType = sourcecode.c.objc; name = LeftViewController.m; path = controllers/LeftViewController.m; sourceTree = "<group>"; };
		6D1D357416A7F825008EFFAB /* MyMapViewController.h */ = {isa = PBXFileReference; fileEncoding = 4; lastKnownFileType = sourcecode.c.h; name = MyMapViewController.h; path = controllers/MyMapViewController.h; sourceTree = "<group>"; };
		6D1D357516A7F825008EFFAB /* MyMapViewController.m */ = {isa = PBXFileReference; fileEncoding = 4; lastKnownFileType = sourcecode.c.objc; name = MyMapViewController.m; path = controllers/MyMapViewController.m; sourceTree = "<group>"; };
		6D1D357616A7F825008EFFAB /* SoundsListViewController.h */ = {isa = PBXFileReference; fileEncoding = 4; lastKnownFileType = sourcecode.c.h; name = SoundsListViewController.h; path = controllers/SoundsListViewController.h; sourceTree = "<group>"; };
		6D1D357716A7F825008EFFAB /* SoundsListViewController.m */ = {isa = PBXFileReference; fileEncoding = 4; lastKnownFileType = sourcecode.c.objc; name = SoundsListViewController.m; path = controllers/SoundsListViewController.m; sourceTree = "<group>"; };
		6D1D357D16A7F83E008EFFAB /* AddressAnnotation.h */ = {isa = PBXFileReference; fileEncoding = 4; lastKnownFileType = sourcecode.c.h; name = AddressAnnotation.h; path = classes/AddressAnnotation.h; sourceTree = "<group>"; };
		6D1D357E16A7F83E008EFFAB /* AddressAnnotation.m */ = {isa = PBXFileReference; fileEncoding = 4; lastKnownFileType = sourcecode.c.objc; name = AddressAnnotation.m; path = classes/AddressAnnotation.m; sourceTree = "<group>"; };
		6D1D358016A7F853008EFFAB /* 01 Heart Attack.mp3 */ = {isa = PBXFileReference; lastKnownFileType = audio.mp3; name = "01 Heart Attack.mp3"; path = "assets/sounds/01 Heart Attack.mp3"; sourceTree = "<group>"; };
		6D1D358116A7F853008EFFAB /* 02 California Girls.mp3 */ = {isa = PBXFileReference; lastKnownFileType = audio.mp3; name = "02 California Girls.mp3"; path = "assets/sounds/02 California Girls.mp3"; sourceTree = "<group>"; };
		6D1D358A16A7F8A6008EFFAB /* Default.png */ = {isa = PBXFileReference; lastKnownFileType = image.png; name = Default.png; path = ../Default.png; sourceTree = "<group>"; };
		6D1D358C16A7F8AF008EFFAB /* Default@2x.png */ = {isa = PBXFileReference; lastKnownFileType = image.png; name = "Default@2x.png"; path = "../Default@2x.png"; sourceTree = "<group>"; };
		6D1D358E16A7F8B3008EFFAB /* Default-568h@2x.png */ = {isa = PBXFileReference; lastKnownFileType = image.png; name = "Default-568h@2x.png"; path = "../Default-568h@2x.png"; sourceTree = "<group>"; };
		6D1D359A16A80D48008EFFAB /* MapBox.framework */ = {isa = PBXFileReference; lastKnownFileType = wrapper.framework; path = MapBox.framework; sourceTree = "<group>"; };
		6D1D359C16A80F4C008EFFAB /* libsqlite3.dylib */ = {isa = PBXFileReference; lastKnownFileType = "compiled.mach-o.dylib"; name = libsqlite3.dylib; path = usr/lib/libsqlite3.dylib; sourceTree = SDKROOT; };
		6D1D359E16A80F57008EFFAB /* libz.dylib */ = {isa = PBXFileReference; lastKnownFileType = "compiled.mach-o.dylib"; name = libz.dylib; path = usr/lib/libz.dylib; sourceTree = SDKROOT; };
		6D57EF9A16B0617C00B1067F /* map-pin.png */ = {isa = PBXFileReference; lastKnownFileType = image.png; name = "map-pin.png"; path = "assets/images/map-pin.png"; sourceTree = "<group>"; };
		6D57EF9B16B0617C00B1067F /* user-location-pin.png */ = {isa = PBXFileReference; lastKnownFileType = image.png; name = "user-location-pin.png"; path = "assets/images/user-location-pin.png"; sourceTree = "<group>"; };
		6D831F981688881200BF234F /* Tests.app */ = {isa = PBXFileReference; explicitFileType = wrapper.application; includeInIndex = 0; path = Tests.app; sourceTree = BUILT_PRODUCTS_DIR; };
		6D831F9C1688881200BF234F /* UIKit.framework */ = {isa = PBXFileReference; lastKnownFileType = wrapper.framework; name = UIKit.framework; path = System/Library/Frameworks/UIKit.framework; sourceTree = SDKROOT; };
		6D831F9E1688881200BF234F /* Foundation.framework */ = {isa = PBXFileReference; lastKnownFileType = wrapper.framework; name = Foundation.framework; path = System/Library/Frameworks/Foundation.framework; sourceTree = SDKROOT; };
		6D831FA01688881200BF234F /* CoreGraphics.framework */ = {isa = PBXFileReference; lastKnownFileType = wrapper.framework; name = CoreGraphics.framework; path = System/Library/Frameworks/CoreGraphics.framework; sourceTree = SDKROOT; };
		6D831FA41688881200BF234F /* Tests-Info.plist */ = {isa = PBXFileReference; lastKnownFileType = text.plist.xml; path = "Tests-Info.plist"; sourceTree = "<group>"; };
		6D831FA61688881200BF234F /* en */ = {isa = PBXFileReference; lastKnownFileType = text.plist.strings; name = en; path = en.lproj/InfoPlist.strings; sourceTree = "<group>"; };
		6D831FA81688881200BF234F /* main.m */ = {isa = PBXFileReference; lastKnownFileType = sourcecode.c.objc; path = main.m; sourceTree = "<group>"; };
		6D831FAA1688881200BF234F /* Tests-Prefix.pch */ = {isa = PBXFileReference; lastKnownFileType = sourcecode.c.h; path = "Tests-Prefix.pch"; sourceTree = "<group>"; };
		6D831FAB1688881200BF234F /* AppDelegate.h */ = {isa = PBXFileReference; lastKnownFileType = sourcecode.c.h; path = AppDelegate.h; sourceTree = "<group>"; };
		6D831FAC1688881200BF234F /* AppDelegate.m */ = {isa = PBXFileReference; lastKnownFileType = sourcecode.c.objc; path = AppDelegate.m; sourceTree = "<group>"; };
		6D831FC116889AC600BF234F /* AVFoundation.framework */ = {isa = PBXFileReference; lastKnownFileType = wrapper.framework; name = AVFoundation.framework; path = System/Library/Frameworks/AVFoundation.framework; sourceTree = SDKROOT; };
		6DAB00ED16A8370400235CC3 /* Pause.png */ = {isa = PBXFileReference; lastKnownFileType = image.png; name = Pause.png; path = assets/images/Pause.png; sourceTree = "<group>"; };
		6DAB00EE16A8370400235CC3 /* Play.png */ = {isa = PBXFileReference; lastKnownFileType = image.png; name = Play.png; path = assets/images/Play.png; sourceTree = "<group>"; };
		6DAB00FB16A9CBDB00235CC3 /* UIColor+MBWPExtensions.h */ = {isa = PBXFileReference; fileEncoding = 4; lastKnownFileType = sourcecode.c.h; path = "UIColor+MBWPExtensions.h"; sourceTree = "<group>"; };
		6DAB00FC16A9CBDB00235CC3 /* UIColor+MBWPExtensions.m */ = {isa = PBXFileReference; fileEncoding = 4; lastKnownFileType = sourcecode.c.objc; path = "UIColor+MBWPExtensions.m"; sourceTree = "<group>"; };
		6DC0184516A6AF2D00C282B0 /* QuartzCore.framework */ = {isa = PBXFileReference; lastKnownFileType = wrapper.framework; name = QuartzCore.framework; path = System/Library/Frameworks/QuartzCore.framework; sourceTree = SDKROOT; };
		6DD781311688D6F90090F462 /* logo-tests.png */ = {isa = PBXFileReference; lastKnownFileType = image.png; path = "logo-tests.png"; sourceTree = "<group>"; };
		6DFE4A5B168F10F600B39013 /* Sounds-List.plist */ = {isa = PBXFileReference; fileEncoding = 4; lastKnownFileType = text.plist.xml; path = "Sounds-List.plist"; sourceTree = "<group>"; };
		6DFE4A70168F37BF00B39013 /* MapKit.framework */ = {isa = PBXFileReference; lastKnownFileType = wrapper.framework; name = MapKit.framework; path = System/Library/Frameworks/MapKit.framework; sourceTree = SDKROOT; };
		6DFE4A72168F37C500B39013 /* CoreLocation.framework */ = {isa = PBXFileReference; lastKnownFileType = wrapper.framework; name = CoreLocation.framework; path = System/Library/Frameworks/CoreLocation.framework; sourceTree = SDKROOT; };
/* End PBXFileReference section */

/* Begin PBXFrameworksBuildPhase section */
		6D831F951688881200BF234F /* Frameworks */ = {
			isa = PBXFrameworksBuildPhase;
			buildActionMask = 2147483647;
			files = (
				6D1D359F16A80F57008EFFAB /* libz.dylib in Frameworks */,
				6D1D359D16A80F4C008EFFAB /* libsqlite3.dylib in Frameworks */,
				6DC0184616A6AF2D00C282B0 /* QuartzCore.framework in Frameworks */,
				6DFE4A73168F37C500B39013 /* CoreLocation.framework in Frameworks */,
				6D831FC216889AC600BF234F /* AVFoundation.framework in Frameworks */,
				6D831F9D1688881200BF234F /* UIKit.framework in Frameworks */,
				6D831F9F1688881200BF234F /* Foundation.framework in Frameworks */,
				6D831FA11688881200BF234F /* CoreGraphics.framework in Frameworks */,
				6D1D359B16A80D48008EFFAB /* MapBox.framework in Frameworks */,
			);
			runOnlyForDeploymentPostprocessing = 0;
		};
/* End PBXFrameworksBuildPhase section */

/* Begin PBXGroup section */
		6D119599168F51C900CB8AF0 /* Classes */ = {
			isa = PBXGroup;
			children = (
				6DAB00FB16A9CBDB00235CC3 /* UIColor+MBWPExtensions.h */,
				6DAB00FC16A9CBDB00235CC3 /* UIColor+MBWPExtensions.m */,
				6D1D357D16A7F83E008EFFAB /* AddressAnnotation.h */,
				6D1D357E16A7F83E008EFFAB /* AddressAnnotation.m */,
			);
			name = Classes;
			sourceTree = "<group>";
		};
		6D11959A168F51E200CB8AF0 /* ViewControllers */ = {
			isa = PBXGroup;
			children = (
				6D1D356E16A7F825008EFFAB /* AboutViewController.h */,
				6D1D356F16A7F825008EFFAB /* AboutViewController.m */,
				6D1D357016A7F825008EFFAB /* DetailViewController.h */,
				6D1D357116A7F825008EFFAB /* DetailViewController.m */,
				6D1D357216A7F825008EFFAB /* LeftViewController.h */,
				6D1D357316A7F825008EFFAB /* LeftViewController.m */,
				6D1D357416A7F825008EFFAB /* MyMapViewController.h */,
				6D1D357516A7F825008EFFAB /* MyMapViewController.m */,
				6D1D357616A7F825008EFFAB /* SoundsListViewController.h */,
				6D1D357716A7F825008EFFAB /* SoundsListViewController.m */,
			);
			name = ViewControllers;
			sourceTree = "<group>";
		};
		6D1D356416A7F7F4008EFFAB /* ViewDeck */ = {
			isa = PBXGroup;
			children = (
				6D1D356516A7F804008EFFAB /* IISideController.h */,
				6D1D356616A7F804008EFFAB /* IISideController.m */,
				6D1D356716A7F804008EFFAB /* IIViewDeckController.h */,
				6D1D356816A7F804008EFFAB /* IIViewDeckController.m */,
				6D1D356916A7F804008EFFAB /* IIWrapController.h */,
				6D1D356A16A7F804008EFFAB /* IIWrapController.m */,
			);
			name = ViewDeck;
			sourceTree = "<group>";
		};
		6D831F8D1688881200BF234F = {
			isa = PBXGroup;
			children = (
				6DD781311688D6F90090F462 /* logo-tests.png */,
				6D831FA21688881200BF234F /* Tests */,
				6D831F9B1688881200BF234F /* Frameworks */,
				6D831F991688881200BF234F /* Products */,
			);
			sourceTree = "<group>";
		};
		6D831F991688881200BF234F /* Products */ = {
			isa = PBXGroup;
			children = (
				6D831F981688881200BF234F /* Tests.app */,
			);
			name = Products;
			sourceTree = "<group>";
		};
		6D831F9B1688881200BF234F /* Frameworks */ = {
			isa = PBXGroup;
			children = (
				6D1D359E16A80F57008EFFAB /* libz.dylib */,
				6D1D359C16A80F4C008EFFAB /* libsqlite3.dylib */,
				6D1D359A16A80D48008EFFAB /* MapBox.framework */,
				6DC0184516A6AF2D00C282B0 /* QuartzCore.framework */,
				6DFE4A72168F37C500B39013 /* CoreLocation.framework */,
				6DFE4A70168F37BF00B39013 /* MapKit.framework */,
				6D831FC116889AC600BF234F /* AVFoundation.framework */,
				6D831F9C1688881200BF234F /* UIKit.framework */,
				6D831F9E1688881200BF234F /* Foundation.framework */,
				6D831FA01688881200BF234F /* CoreGraphics.framework */,
			);
			name = Frameworks;
			sourceTree = "<group>";
		};
		6D831FA21688881200BF234F /* Tests */ = {
			isa = PBXGroup;
			children = (
				6D831FAB1688881200BF234F /* AppDelegate.h */,
				6D831FAC1688881200BF234F /* AppDelegate.m */,
				6DFE4A5D168F137100B39013 /* assets */,
				6D119599168F51C900CB8AF0 /* Classes */,
				6D11959A168F51E200CB8AF0 /* ViewControllers */,
				6DC2247B16A6ADB600B94A94 /* vendor */,
				6D831FA31688881200BF234F /* Supporting Files */,
			);
			path = Tests;
			sourceTree = "<group>";
		};
		6D831FA31688881200BF234F /* Supporting Files */ = {
			isa = PBXGroup;
			children = (
				6D831FA41688881200BF234F /* Tests-Info.plist */,
				6D831FA51688881200BF234F /* InfoPlist.strings */,
				6D831FA81688881200BF234F /* main.m */,
				6D831FAA1688881200BF234F /* Tests-Prefix.pch */,
				6DFE4A5B168F10F600B39013 /* Sounds-List.plist */,
			);
			name = "Supporting Files";
			sourceTree = "<group>";
		};
		6DC2247B16A6ADB600B94A94 /* vendor */ = {
			isa = PBXGroup;
			children = (
				6D1D356416A7F7F4008EFFAB /* ViewDeck */,
			);
			name = vendor;
			sourceTree = "<group>";
		};
		6DFE4A5D168F137100B39013 /* assets */ = {
			isa = PBXGroup;
			children = (
				6DFE4A60168F138F00B39013 /* images */,
				6DFE4A5F168F138600B39013 /* sounds */,
			);
			name = assets;
			sourceTree = "<group>";
		};
		6DFE4A5F168F138600B39013 /* sounds */ = {
			isa = PBXGroup;
			children = (
				6D1D358016A7F853008EFFAB /* 01 Heart Attack.mp3 */,
				6D1D358116A7F853008EFFAB /* 02 California Girls.mp3 */,
			);
			name = sounds;
			sourceTree = "<group>";
		};
		6DFE4A60168F138F00B39013 /* images */ = {
			isa = PBXGroup;
			children = (
				6D57EF9A16B0617C00B1067F /* map-pin.png */,
				6D57EF9B16B0617C00B1067F /* user-location-pin.png */,
				6DAB00ED16A8370400235CC3 /* Pause.png */,
				6DAB00EE16A8370400235CC3 /* Play.png */,
				6D1D358E16A7F8B3008EFFAB /* Default-568h@2x.png */,
				6D1D358C16A7F8AF008EFFAB /* Default@2x.png */,
				6D1D358A16A7F8A6008EFFAB /* Default.png */,
			);
			name = images;
			sourceTree = "<group>";
		};
/* End PBXGroup section */

/* Begin PBXNativeTarget section */
		6D831F971688881200BF234F /* Tests */ = {
			isa = PBXNativeTarget;
			buildConfigurationList = 6D831FBC1688881200BF234F /* Build configuration list for PBXNativeTarget "Tests" */;
			buildPhases = (
				6D831F941688881200BF234F /* Sources */,
				6D831F951688881200BF234F /* Frameworks */,
				6D831F961688881200BF234F /* Resources */,
			);
			buildRules = (
			);
			dependencies = (
			);
			name = Tests;
			productName = Tests;
			productReference = 6D831F981688881200BF234F /* Tests.app */;
			productType = "com.apple.product-type.application";
		};
/* End PBXNativeTarget section */

/* Begin PBXProject section */
		6D831F8F1688881200BF234F /* Project object */ = {
			isa = PBXProject;
			attributes = {
				LastUpgradeCheck = 0450;
				ORGANIZATIONNAME = "Damien CORNU";
			};
			buildConfigurationList = 6D831F921688881200BF234F /* Build configuration list for PBXProject "Tests" */;
			compatibilityVersion = "Xcode 3.2";
			developmentRegion = English;
			hasScannedForEncodings = 0;
			knownRegions = (
				en,
			);
			mainGroup = 6D831F8D1688881200BF234F;
			productRefGroup = 6D831F991688881200BF234F /* Products */;
			projectDirPath = "";
			projectRoot = "";
			targets = (
				6D831F971688881200BF234F /* Tests */,
			);
		};
/* End PBXProject section */

/* Begin PBXResourcesBuildPhase section */
		6D831F961688881200BF234F /* Resources */ = {
			isa = PBXResourcesBuildPhase;
			buildActionMask = 2147483647;
			files = (
				6D831FA71688881200BF234F /* InfoPlist.strings in Resources */,
				6DD781321688D6F90090F462 /* logo-tests.png in Resources */,
				6DFE4A5C168F10F600B39013 /* Sounds-List.plist in Resources */,
				6D1D358216A7F853008EFFAB /* 01 Heart Attack.mp3 in Resources */,
				6D1D358316A7F853008EFFAB /* 02 California Girls.mp3 in Resources */,
				6D1D358B16A7F8A6008EFFAB /* Default.png in Resources */,
				6D1D358D16A7F8AF008EFFAB /* Default@2x.png in Resources */,
				6D1D358F16A7F8B3008EFFAB /* Default-568h@2x.png in Resources */,
				6DAB00EF16A8370400235CC3 /* Pause.png in Resources */,
				6DAB00F016A8370400235CC3 /* Play.png in Resources */,
				6D57EF9C16B0617C00B1067F /* map-pin.png in Resources */,
				6D57EF9D16B0617C00B1067F /* user-location-pin.png in Resources */,
			);
			runOnlyForDeploymentPostprocessing = 0;
		};
/* End PBXResourcesBuildPhase section */

/* Begin PBXSourcesBuildPhase section */
		6D831F941688881200BF234F /* Sources */ = {
			isa = PBXSourcesBuildPhase;
			buildActionMask = 2147483647;
			files = (
				6D831FA91688881200BF234F /* main.m in Sources */,
				6D831FAD1688881200BF234F /* AppDelegate.m in Sources */,
				6D1D356B16A7F804008EFFAB /* IISideController.m in Sources */,
				6D1D356C16A7F804008EFFAB /* IIViewDeckController.m in Sources */,
				6D1D356D16A7F804008EFFAB /* IIWrapController.m in Sources */,
				6D1D357816A7F825008EFFAB /* AboutViewController.m in Sources */,
				6D1D357916A7F825008EFFAB /* DetailViewController.m in Sources */,
				6D1D357A16A7F825008EFFAB /* LeftViewController.m in Sources */,
				6D1D357B16A7F825008EFFAB /* MyMapViewController.m in Sources */,
				6D1D357C16A7F825008EFFAB /* SoundsListViewController.m in Sources */,
				6D1D357F16A7F83E008EFFAB /* AddressAnnotation.m in Sources */,
				6DAB00FD16A9CBDB00235CC3 /* UIColor+MBWPExtensions.m in Sources */,
			);
			runOnlyForDeploymentPostprocessing = 0;
		};
/* End PBXSourcesBuildPhase section */

/* Begin PBXVariantGroup section */
		6D831FA51688881200BF234F /* InfoPlist.strings */ = {
			isa = PBXVariantGroup;
			children = (
				6D831FA61688881200BF234F /* en */,
			);
			name = InfoPlist.strings;
			sourceTree = "<group>";
		};
/* End PBXVariantGroup section */

/* Begin XCBuildConfiguration section */
		6D831FBA1688881200BF234F /* Debug */ = {
			isa = XCBuildConfiguration;
			buildSettings = {
				ALWAYS_SEARCH_USER_PATHS = NO;
				CLANG_CXX_LANGUAGE_STANDARD = "gnu++0x";
				CLANG_CXX_LIBRARY = "libc++";
				CLANG_ENABLE_OBJC_ARC = YES;
				CLANG_WARN_EMPTY_BODY = YES;
				CLANG_WARN__DUPLICATE_METHOD_MATCH = YES;
				"CODE_SIGN_IDENTITY[sdk=iphoneos*]" = "iPhone Developer";
				COPY_PHASE_STRIP = NO;
				GCC_C_LANGUAGE_STANDARD = gnu99;
				GCC_DYNAMIC_NO_PIC = NO;
				GCC_OPTIMIZATION_LEVEL = 0;
				GCC_PREPROCESSOR_DEFINITIONS = (
					"DEBUG=1",
					"$(inherited)",
				);
				GCC_SYMBOLS_PRIVATE_EXTERN = NO;
				GCC_WARN_ABOUT_RETURN_TYPE = YES;
				GCC_WARN_UNINITIALIZED_AUTOS = YES;
				GCC_WARN_UNUSED_VARIABLE = YES;
				IPHONEOS_DEPLOYMENT_TARGET = 6.0;
				ONLY_ACTIVE_ARCH = YES;
				SDKROOT = iphoneos;
			};
			name = Debug;
		};
		6D831FBB1688881200BF234F /* Release */ = {
			isa = XCBuildConfiguration;
			buildSettings = {
				ALWAYS_SEARCH_USER_PATHS = NO;
				CLANG_CXX_LANGUAGE_STANDARD = "gnu++0x";
				CLANG_CXX_LIBRARY = "libc++";
				CLANG_ENABLE_OBJC_ARC = YES;
				CLANG_WARN_EMPTY_BODY = YES;
				CLANG_WARN__DUPLICATE_METHOD_MATCH = YES;
				"CODE_SIGN_IDENTITY[sdk=iphoneos*]" = "iPhone Developer";
				COPY_PHASE_STRIP = YES;
				GCC_C_LANGUAGE_STANDARD = gnu99;
				GCC_WARN_ABOUT_RETURN_TYPE = YES;
				GCC_WARN_UNINITIALIZED_AUTOS = YES;
				GCC_WARN_UNUSED_VARIABLE = YES;
				IPHONEOS_DEPLOYMENT_TARGET = 6.0;
				OTHER_CFLAGS = "-DNS_BLOCK_ASSERTIONS=1";
				SDKROOT = iphoneos;
				VALIDATE_PRODUCT = YES;
			};
			name = Release;
		};
		6D831FBD1688881200BF234F /* Debug */ = {
			isa = XCBuildConfiguration;
			buildSettings = {
				FRAMEWORK_SEARCH_PATHS = (
					"$(inherited)",
					"\"$(SRCROOT)\"",
				);
				GCC_PRECOMPILE_PREFIX_HEADER = YES;
				GCC_PREFIX_HEADER = "Tests/Tests-Prefix.pch";
				INFOPLIST_FILE = "Tests/Tests-Info.plist";
				OTHER_LDFLAGS = "-ObjC";
				PRODUCT_NAME = "$(TARGET_NAME)";
				WRAPPER_EXTENSION = app;
			};
			name = Debug;
		};
		6D831FBE1688881200BF234F /* Release */ = {
			isa = XCBuildConfiguration;
			buildSettings = {
				FRAMEWORK_SEARCH_PATHS = (
					"$(inherited)",
					"\"$(SRCROOT)\"",
				);
				GCC_PRECOMPILE_PREFIX_HEADER = YES;
				GCC_PREFIX_HEADER = "Tests/Tests-Prefix.pch";
				INFOPLIST_FILE = "Tests/Tests-Info.plist";
				OTHER_LDFLAGS = "-ObjC";
				PRODUCT_NAME = "$(TARGET_NAME)";
				WRAPPER_EXTENSION = app;
			};
			name = Release;
		};
/* End XCBuildConfiguration section */

/* Begin XCConfigurationList section */
		6D831F921688881200BF234F /* Build configuration list for PBXProject "Tests" */ = {
			isa = XCConfigurationList;
			buildConfigurations = (
				6D831FBA1688881200BF234F /* Debug */,
				6D831FBB1688881200BF234F /* Release */,
			);
			defaultConfigurationIsVisible = 0;
			defaultConfigurationName = Release;
		};
		6D831FBC1688881200BF234F /* Build configuration list for PBXNativeTarget "Tests" */ = {
			isa = XCConfigurationList;
			buildConfigurations = (
				6D831FBD1688881200BF234F /* Debug */,
				6D831FBE1688881200BF234F /* Release */,
			);
			defaultConfigurationIsVisible = 0;
			defaultConfigurationName = Release;
		};
/* End XCConfigurationList section */
	};
	rootObject = 6D831F8F1688881200BF234F /* Project object */;
}
